// !$*UTF8*$!
{
	archiveVersion = 1;
	classes = {
	};
	objectVersion = 50;
	objects = {

/* Begin PBXBuildFile section */
		19BF4A7721822031006602AD /* AppDelegate.swift in Sources */ = {isa = PBXBuildFile; fileRef = 19BF4A7621822031006602AD /* AppDelegate.swift */; };
		19BF4A7C21822031006602AD /* Main.storyboard in Resources */ = {isa = PBXBuildFile; fileRef = 19BF4A7A21822031006602AD /* Main.storyboard */; };
		19BF4A7E21822032006602AD /* Assets.xcassets in Resources */ = {isa = PBXBuildFile; fileRef = 19BF4A7D21822032006602AD /* Assets.xcassets */; };
		19BF4A8121822032006602AD /* LaunchScreen.storyboard in Resources */ = {isa = PBXBuildFile; fileRef = 19BF4A7F21822032006602AD /* LaunchScreen.storyboard */; };
		19BF4A8C21822370006602AD /* Beer.swift in Sources */ = {isa = PBXBuildFile; fileRef = 19BF4A8B21822370006602AD /* Beer.swift */; };
		19BF4A8E218226F8006602AD /* BeerController.swift in Sources */ = {isa = PBXBuildFile; fileRef = 19BF4A8D218226F8006602AD /* BeerController.swift */; };
		19BF4A922182338F006602AD /* BeerTableViewController.swift in Sources */ = {isa = PBXBuildFile; fileRef = 19BF4A912182338F006602AD /* BeerTableViewController.swift */; };
/* End PBXBuildFile section */

/* Begin PBXFileReference section */
		19BF4A7321822031006602AD /* BeerPunkSearch.app */ = {isa = PBXFileReference; explicitFileType = wrapper.application; includeInIndex = 0; path = BeerPunkSearch.app; sourceTree = BUILT_PRODUCTS_DIR; };
		19BF4A7621822031006602AD /* AppDelegate.swift */ = {isa = PBXFileReference; lastKnownFileType = sourcecode.swift; path = AppDelegate.swift; sourceTree = "<group>"; };
		19BF4A7B21822031006602AD /* Base */ = {isa = PBXFileReference; lastKnownFileType = file.storyboard; name = Base; path = Base.lproj/Main.storyboard; sourceTree = "<group>"; };
		19BF4A7D21822032006602AD /* Assets.xcassets */ = {isa = PBXFileReference; lastKnownFileType = folder.assetcatalog; path = Assets.xcassets; sourceTree = "<group>"; };
		19BF4A8021822032006602AD /* Base */ = {isa = PBXFileReference; lastKnownFileType = file.storyboard; name = Base; path = Base.lproj/LaunchScreen.storyboard; sourceTree = "<group>"; };
		19BF4A8221822032006602AD /* Info.plist */ = {isa = PBXFileReference; lastKnownFileType = text.plist.xml; path = Info.plist; sourceTree = "<group>"; };
		19BF4A8B21822370006602AD /* Beer.swift */ = {isa = PBXFileReference; lastKnownFileType = sourcecode.swift; path = Beer.swift; sourceTree = "<group>"; };
		19BF4A8D218226F8006602AD /* BeerController.swift */ = {isa = PBXFileReference; lastKnownFileType = sourcecode.swift; path = BeerController.swift; sourceTree = "<group>"; };
		19BF4A912182338F006602AD /* BeerTableViewController.swift */ = {isa = PBXFileReference; lastKnownFileType = sourcecode.swift; path = BeerTableViewController.swift; sourceTree = "<group>"; };
/* End PBXFileReference section */

/* Begin PBXFrameworksBuildPhase section */
		19BF4A7021822031006602AD /* Frameworks */ = {
			isa = PBXFrameworksBuildPhase;
			buildActionMask = 2147483647;
			files = (
			);
			runOnlyForDeploymentPostprocessing = 0;
		};
/* End PBXFrameworksBuildPhase section */

/* Begin PBXGroup section */
		19BF4A6A21822031006602AD = {
			isa = PBXGroup;
			children = (
				19BF4A7521822031006602AD /* BeerPunkSearch */,
				19BF4A7421822031006602AD /* Products */,
			);
			sourceTree = "<group>";
		};
		19BF4A7421822031006602AD /* Products */ = {
			isa = PBXGroup;
			children = (
				19BF4A7321822031006602AD /* BeerPunkSearch.app */,
			);
			name = Products;
			sourceTree = "<group>";
		};
		19BF4A7521822031006602AD /* BeerPunkSearch */ = {
			isa = PBXGroup;
			children = (
				19BF4A9021823375006602AD /* ViewController */,
				19BF4A8A2182234A006602AD /* Model */,
				19BF4A882182230D006602AD /* Storyboard */,
				19BF4A8921822320006602AD /* Resources */,
			);
			path = BeerPunkSearch;
			sourceTree = "<group>";
		};
		19BF4A882182230D006602AD /* Storyboard */ = {
			isa = PBXGroup;
			children = (
				19BF4A7F21822032006602AD /* LaunchScreen.storyboard */,
				19BF4A7A21822031006602AD /* Main.storyboard */,
			);
			path = Storyboard;
			sourceTree = "<group>";
		};
		19BF4A8921822320006602AD /* Resources */ = {
			isa = PBXGroup;
			children = (
				19BF4A7D21822032006602AD /* Assets.xcassets */,
				19BF4A7621822031006602AD /* AppDelegate.swift */,
				19BF4A8221822032006602AD /* Info.plist */,
			);
			path = Resources;
			sourceTree = "<group>";
		};
		19BF4A8A2182234A006602AD /* Model */ = {
			isa = PBXGroup;
			children = (
				19BF4A8B21822370006602AD /* Beer.swift */,
				19BF4A8F21822702006602AD /* ModelController */,
			);
			path = Model;
			sourceTree = "<group>";
		};
		19BF4A8F21822702006602AD /* ModelController */ = {
			isa = PBXGroup;
			children = (
				19BF4A8D218226F8006602AD /* BeerController.swift */,
			);
			path = ModelController;
			sourceTree = "<group>";
		};
		19BF4A9021823375006602AD /* ViewController */ = {
			isa = PBXGroup;
			children = (
				19BF4A912182338F006602AD /* BeerTableViewController.swift */,
			);
			path = ViewController;
			sourceTree = "<group>";
		};
/* End PBXGroup section */

/* Begin PBXNativeTarget section */
		19BF4A7221822031006602AD /* BeerPunkSearch */ = {
			isa = PBXNativeTarget;
			buildConfigurationList = 19BF4A8521822032006602AD /* Build configuration list for PBXNativeTarget "BeerPunkSearch" */;
			buildPhases = (
				19BF4A6F21822031006602AD /* Sources */,
				19BF4A7021822031006602AD /* Frameworks */,
				19BF4A7121822031006602AD /* Resources */,
			);
			buildRules = (
			);
			dependencies = (
			);
			name = BeerPunkSearch;
			productName = BeerPunkSearch;
			productReference = 19BF4A7321822031006602AD /* BeerPunkSearch.app */;
			productType = "com.apple.product-type.application";
		};
/* End PBXNativeTarget section */

/* Begin PBXProject section */
		19BF4A6B21822031006602AD /* Project object */ = {
			isa = PBXProject;
			attributes = {
				LastSwiftUpdateCheck = 1000;
				LastUpgradeCheck = 1000;
				ORGANIZATIONNAME = "Xavier ios dev";
				TargetAttributes = {
					19BF4A7221822031006602AD = {
						CreatedOnToolsVersion = 10.0;
					};
				};
			};
			buildConfigurationList = 19BF4A6E21822031006602AD /* Build configuration list for PBXProject "BeerPunkSearch" */;
			compatibilityVersion = "Xcode 9.3";
			developmentRegion = en;
			hasScannedForEncodings = 0;
			knownRegions = (
				en,
				Base,
			);
			mainGroup = 19BF4A6A21822031006602AD;
			productRefGroup = 19BF4A7421822031006602AD /* Products */;
			projectDirPath = "";
			projectRoot = "";
			targets = (
				19BF4A7221822031006602AD /* BeerPunkSearch */,
			);
		};
/* End PBXProject section */

/* Begin PBXResourcesBuildPhase section */
		19BF4A7121822031006602AD /* Resources */ = {
			isa = PBXResourcesBuildPhase;
			buildActionMask = 2147483647;
			files = (
				19BF4A8121822032006602AD /* LaunchScreen.storyboard in Resources */,
				19BF4A7E21822032006602AD /* Assets.xcassets in Resources */,
				19BF4A7C21822031006602AD /* Main.storyboard in Resources */,
			);
			runOnlyForDeploymentPostprocessing = 0;
		};
/* End PBXResourcesBuildPhase section */

/* Begin PBXSourcesBuildPhase section */
		19BF4A6F21822031006602AD /* Sources */ = {
			isa = PBXSourcesBuildPhase;
			buildActionMask = 2147483647;
			files = (
				19BF4A7721822031006602AD /* AppDelegate.swift in Sources */,
				19BF4A922182338F006602AD /* BeerTableViewController.swift in Sources */,
				19BF4A8E218226F8006602AD /* BeerController.swift in Sources */,
				19BF4A8C21822370006602AD /* Beer.swift in Sources */,
			);
			runOnlyForDeploymentPostprocessing = 0;
		};
/* End PBXSourcesBuildPhase section */

/* Begin PBXVariantGroup section */
		19BF4A7A21822031006602AD /* Main.storyboard */ = {
			isa = PBXVariantGroup;
			children = (
				19BF4A7B21822031006602AD /* Base */,
			);
			name = Main.storyboard;
			sourceTree = "<group>";
		};
		19BF4A7F21822032006602AD /* LaunchScreen.storyboard */ = {
			isa = PBXVariantGroup;
			children = (
				19BF4A8021822032006602AD /* Base */,
			);
			name = LaunchScreen.storyboard;
			sourceTree = "<group>";
		};
/* End PBXVariantGroup section */

/* Begin XCBuildConfiguration section */
		19BF4A8321822032006602AD /* Debug */ = {
			isa = XCBuildConfiguration;
			buildSettings = {
				ALWAYS_SEARCH_USER_PATHS = NO;
				CLANG_ANALYZER_NONNULL = YES;
				CLANG_ANALYZER_NUMBER_OBJECT_CONVERSION = YES_AGGRESSIVE;
				CLANG_CXX_LANGUAGE_STANDARD = "gnu++14";
				CLANG_CXX_LIBRARY = "libc++";
				CLANG_ENABLE_MODULES = YES;
				CLANG_ENABLE_OBJC_ARC = YES;
				CLANG_ENABLE_OBJC_WEAK = YES;
				CLANG_WARN_BLOCK_CAPTURE_AUTORELEASING = YES;
				CLANG_WARN_BOOL_CONVERSION = YES;
				CLANG_WARN_COMMA = YES;
				CLANG_WARN_CONSTANT_CONVERSION = YES;
				CLANG_WARN_DEPRECATED_OBJC_IMPLEMENTATIONS = YES;
				CLANG_WARN_DIRECT_OBJC_ISA_USAGE = YES_ERROR;
				CLANG_WARN_DOCUMENTATION_COMMENTS = YES;
				CLANG_WARN_EMPTY_BODY = YES;
				CLANG_WARN_ENUM_CONVERSION = YES;
				CLANG_WARN_INFINITE_RECURSION = YES;
				CLANG_WARN_INT_CONVERSION = YES;
				CLANG_WARN_NON_LITERAL_NULL_CONVERSION = YES;
				CLANG_WARN_OBJC_IMPLICIT_RETAIN_SELF = YES;
				CLANG_WARN_OBJC_LITERAL_CONVERSION = YES;
				CLANG_WARN_OBJC_ROOT_CLASS = YES_ERROR;
				CLANG_WARN_RANGE_LOOP_ANALYSIS = YES;
				CLANG_WARN_STRICT_PROTOTYPES = YES;
				CLANG_WARN_SUSPICIOUS_MOVE = YES;
				CLANG_WARN_UNGUARDED_AVAILABILITY = YES_AGGRESSIVE;
				CLANG_WARN_UNREACHABLE_CODE = YES;
				CLANG_WARN__DUPLICATE_METHOD_MATCH = YES;
				CODE_SIGN_IDENTITY = "iPhone Developer";
				COPY_PHASE_STRIP = NO;
				DEBUG_INFORMATION_FORMAT = dwarf;
				ENABLE_STRICT_OBJC_MSGSEND = YES;
				ENABLE_TESTABILITY = YES;
				GCC_C_LANGUAGE_STANDARD = gnu11;
				GCC_DYNAMIC_NO_PIC = NO;
				GCC_NO_COMMON_BLOCKS = YES;
				GCC_OPTIMIZATION_LEVEL = 0;
				GCC_PREPROCESSOR_DEFINITIONS = (
					"DEBUG=1",
					"$(inherited)",
				);
				GCC_WARN_64_TO_32_BIT_CONVERSION = YES;
				GCC_WARN_ABOUT_RETURN_TYPE = YES_ERROR;
				GCC_WARN_UNDECLARED_SELECTOR = YES;
				GCC_WARN_UNINITIALIZED_AUTOS = YES_AGGRESSIVE;
				GCC_WARN_UNUSED_FUNCTION = YES;
				GCC_WARN_UNUSED_VARIABLE = YES;
				IPHONEOS_DEPLOYMENT_TARGET = 12.0;
				MTL_ENABLE_DEBUG_INFO = INCLUDE_SOURCE;
				MTL_FAST_MATH = YES;
				ONLY_ACTIVE_ARCH = YES;
				SDKROOT = iphoneos;
				SWIFT_ACTIVE_COMPILATION_CONDITIONS = DEBUG;
				SWIFT_OPTIMIZATION_LEVEL = "-Onone";
			};
			name = Debug;
		};
		19BF4A8421822032006602AD /* Release */ = {
			isa = XCBuildConfiguration;
			buildSettings = {
				ALWAYS_SEARCH_USER_PATHS = NO;
				CLANG_ANALYZER_NONNULL = YES;
				CLANG_ANALYZER_NUMBER_OBJECT_CONVERSION = YES_AGGRESSIVE;
				CLANG_CXX_LANGUAGE_STANDARD = "gnu++14";
				CLANG_CXX_LIBRARY = "libc++";
				CLANG_ENABLE_MODULES = YES;
				CLANG_ENABLE_OBJC_ARC = YES;
				CLANG_ENABLE_OBJC_WEAK = YES;
				CLANG_WARN_BLOCK_CAPTURE_AUTORELEASING = YES;
				CLANG_WARN_BOOL_CONVERSION = YES;
				CLANG_WARN_COMMA = YES;
				CLANG_WARN_CONSTANT_CONVERSION = YES;
				CLANG_WARN_DEPRECATED_OBJC_IMPLEMENTATIONS = YES;
				CLANG_WARN_DIRECT_OBJC_ISA_USAGE = YES_ERROR;
				CLANG_WARN_DOCUMENTATION_COMMENTS = YES;
				CLANG_WARN_EMPTY_BODY = YES;
				CLANG_WARN_ENUM_CONVERSION = YES;
				CLANG_WARN_INFINITE_RECURSION = YES;
				CLANG_WARN_INT_CONVERSION = YES;
				CLANG_WARN_NON_LITERAL_NULL_CONVERSION = YES;
				CLANG_WARN_OBJC_IMPLICIT_RETAIN_SELF = YES;
				CLANG_WARN_OBJC_LITERAL_CONVERSION = YES;
				CLANG_WARN_OBJC_ROOT_CLASS = YES_ERROR;
				CLANG_WARN_RANGE_LOOP_ANALYSIS = YES;
				CLANG_WARN_STRICT_PROTOTYPES = YES;
				CLANG_WARN_SUSPICIOUS_MOVE = YES;
				CLANG_WARN_UNGUARDED_AVAILABILITY = YES_AGGRESSIVE;
				CLANG_WARN_UNREACHABLE_CODE = YES;
				CLANG_WARN__DUPLICATE_METHOD_MATCH = YES;
				CODE_SIGN_IDENTITY = "iPhone Developer";
				COPY_PHASE_STRIP = NO;
				DEBUG_INFORMATION_FORMAT = "dwarf-with-dsym";
				ENABLE_NS_ASSERTIONS = NO;
				ENABLE_STRICT_OBJC_MSGSEND = YES;
				GCC_C_LANGUAGE_STANDARD = gnu11;
				GCC_NO_COMMON_BLOCKS = YES;
				GCC_WARN_64_TO_32_BIT_CONVERSION = YES;
				GCC_WARN_ABOUT_RETURN_TYPE = YES_ERROR;
				GCC_WARN_UNDECLARED_SELECTOR = YES;
				GCC_WARN_UNINITIALIZED_AUTOS = YES_AGGRESSIVE;
				GCC_WARN_UNUSED_FUNCTION = YES;
				GCC_WARN_UNUSED_VARIABLE = YES;
				IPHONEOS_DEPLOYMENT_TARGET = 12.0;
				MTL_ENABLE_DEBUG_INFO = NO;
				MTL_FAST_MATH = YES;
				SDKROOT = iphoneos;
				SWIFT_COMPILATION_MODE = wholemodule;
				SWIFT_OPTIMIZATION_LEVEL = "-O";
				VALIDATE_PRODUCT = YES;
			};
			name = Release;
		};
		19BF4A8621822032006602AD /* Debug */ = {
			isa = XCBuildConfiguration;
			buildSettings = {
				ASSETCATALOG_COMPILER_APPICON_NAME = AppIcon;
				CODE_SIGN_STYLE = Automatic;
				DEVELOPMENT_TEAM = 57CQ48CJGQ;
				INFOPLIST_FILE = "$(SRCROOT)/BeerPunkSearch/Resources/Info.plist";
				LD_RUNPATH_SEARCH_PATHS = (
					"$(inherited)",
					"@executable_path/Frameworks",
				);
				PRODUCT_BUNDLE_IDENTIFIER = COM.Xavierwatts.BeerPunkSearch;
				PRODUCT_NAME = "$(TARGET_NAME)";
				SWIFT_VERSION = 4.2;
				TARGETED_DEVICE_FAMILY = "1,2";
			};
			name = Debug;
		};
		19BF4A8721822032006602AD /* Release */ = {
			isa = XCBuildConfiguration;
			buildSettings = {
				ASSETCATALOG_COMPILER_APPICON_NAME = AppIcon;
				CODE_SIGN_STYLE = Automatic;
				DEVELOPMENT_TEAM = 57CQ48CJGQ;
				INFOPLIST_FILE = "$(SRCROOT)/BeerPunkSearch/Resources/Info.plist";
				LD_RUNPATH_SEARCH_PATHS = (
					"$(inherited)",
					"@executable_path/Frameworks",
				);
				PRODUCT_BUNDLE_IDENTIFIER = COM.Xavierwatts.BeerPunkSearch;
				PRODUCT_NAME = "$(TARGET_NAME)";
				SWIFT_VERSION = 4.2;
				TARGETED_DEVICE_FAMILY = "1,2";
			};
			name = Release;
		};
/* End XCBuildConfiguration section */

/* Begin XCConfigurationList section */
		19BF4A6E21822031006602AD /* Build configuration list for PBXProject "BeerPunkSearch" */ = {
			isa = XCConfigurationList;
			buildConfigurations = (
				19BF4A8321822032006602AD /* Debug */,
				19BF4A8421822032006602AD /* Release */,
			);
			defaultConfigurationIsVisible = 0;
			defaultConfigurationName = Release;
		};
		19BF4A8521822032006602AD /* Build configuration list for PBXNativeTarget "BeerPunkSearch" */ = {
			isa = XCConfigurationList;
			buildConfigurations = (
				19BF4A8621822032006602AD /* Debug */,
				19BF4A8721822032006602AD /* Release */,
			);
			defaultConfigurationIsVisible = 0;
			defaultConfigurationName = Release;
		};
/* End XCConfigurationList section */
	};
	rootObject = 19BF4A6B21822031006602AD /* Project object */;
}
